
Microsoft Visual Studio Solution File, Format Version 12.00
# Visual Studio Version 17
VisualStudioVersion = 17.7.34031.279
MinimumVisualStudioVersion = 10.0.40219.1
Project("{FAE04EC0-301F-11D3-BF4B-00C04F79EFBC}") = "Students_Registry_POM", "Students_Registry_POM.csproj", "{05B7FEBB-09FA-45CD-9CFA-6A8B1ACB8BEA}"
EndProject
Global
	GlobalSection(SolutionConfigurationPlatforms) = preSolution
		Debug|Any CPU = Debug|Any CPU
		Release|Any CPU = Release|Any CPU
	EndGlobalSection
	GlobalSection(ProjectConfigurationPlatforms) = postSolution
		{05B7FEBB-09FA-45CD-9CFA-6A8B1ACB8BEA}.Debug|Any CPU.ActiveCfg = Debug|Any CPU
		{05B7FEBB-09FA-45CD-9CFA-6A8B1ACB8BEA}.Debug|Any CPU.Build.0 = Debug|Any CPU
		{05B7FEBB-09FA-45CD-9CFA-6A8B1ACB8BEA}.Release|Any CPU.ActiveCfg = Release|Any CPU
		{05B7FEBB-09FA-45CD-9CFA-6A8B1ACB8BEA}.Release|Any CPU.Build.0 = Release|Any CPU
	EndGlobalSection
	GlobalSection(SolutionProperties) = preSolution
		HideSolutionNode = FALSE
	EndGlobalSection
	GlobalSection(ExtensibilityGlobals) = postSolution
		SolutionGuid = {8DEB8C19-42AD-4FBF-83BC-B910F95BE359}
	EndGlobalSection
EndGlobal
