
Microsoft Visual Studio Solution File, Format Version 12.00
# Visual Studio Version 17
VisualStudioVersion = 17.7.34031.279
MinimumVisualStudioVersion = 10.0.40219.1
Project("{FAE04EC0-301F-11D3-BF4B-00C04F79EFBC}") = "01. Selenium-WebDriver-Wikipedia-Demo", "01. Selenium-WebDriver-Wikipedia-Demo.csproj", "{0043F6F9-847C-4189-9DB6-6238399FBC9B}"
EndProject
Project("{FAE04EC0-301F-11D3-BF4B-00C04F79EFBC}") = "WebDriver-Demo-Tests", "..\WebDriver-Demo-Tests\WebDriver-Demo-Tests.csproj", "{6A88550B-7E1A-44D3-AE9D-2C1B749DFC49}"
EndProject
Global
	GlobalSection(SolutionConfigurationPlatforms) = preSolution
		Debug|Any CPU = Debug|Any CPU
		Release|Any CPU = Release|Any CPU
	EndGlobalSection
	GlobalSection(ProjectConfigurationPlatforms) = postSolution
		{0043F6F9-847C-4189-9DB6-6238399FBC9B}.Debug|Any CPU.ActiveCfg = Debug|Any CPU
		{0043F6F9-847C-4189-9DB6-6238399FBC9B}.Debug|Any CPU.Build.0 = Debug|Any CPU
		{0043F6F9-847C-4189-9DB6-6238399FBC9B}.Release|Any CPU.ActiveCfg = Release|Any CPU
		{0043F6F9-847C-4189-9DB6-6238399FBC9B}.Release|Any CPU.Build.0 = Release|Any CPU
		{6A88550B-7E1A-44D3-AE9D-2C1B749DFC49}.Debug|Any CPU.ActiveCfg = Debug|Any CPU
		{6A88550B-7E1A-44D3-AE9D-2C1B749DFC49}.Debug|Any CPU.Build.0 = Debug|Any CPU
		{6A88550B-7E1A-44D3-AE9D-2C1B749DFC49}.Release|Any CPU.ActiveCfg = Release|Any CPU
		{6A88550B-7E1A-44D3-AE9D-2C1B749DFC49}.Release|Any CPU.Build.0 = Release|Any CPU
	EndGlobalSection
	GlobalSection(SolutionProperties) = preSolution
		HideSolutionNode = FALSE
	EndGlobalSection
	GlobalSection(ExtensibilityGlobals) = postSolution
		SolutionGuid = {0DB0B8A9-63D9-40F3-858E-66742DC526BA}
	EndGlobalSection
EndGlobal
